{
  "name": "@groovy/api-wrapper",
  "version": "1.0.0",
  "lockfileVersion": 1,
  "requires": true,
  "dependencies": {
    "centra": {
      "version": "2.2.2",
      "resolved": "https://registry.npmjs.org/centra/-/centra-2.2.2.tgz",
      "integrity": "sha512-7M9pOa0afioJy+h3+RvaK9BuxtJdo4/cRXoBPoClUcX1YLlaFMIxQlN/Sp4GoDEp2w17qeQ74NDuMdXPaNLToA=="
    }
  }
}
